
Microsoft Visual Studio Solution File, Format Version 12.00
# Visual Studio Version 16
VisualStudioVersion = 16.0.808.6
MinimumVisualStudioVersion = 10.0.40219.1
Project("{2150E333-8FDC-42A3-9474-1A3956D46DE8}") = "src", "src", "{13FCCB9A-95F4-437E-AFE3-A68384E8A8DC}"
EndProject
Project("{2150E333-8FDC-42A3-9474-1A3956D46DE8}") = "test", "test", "{69AE1AA4-C25E-4DAC-9C36-63FB6B430DAE}"
EndProject
Project("{2150E333-8FDC-42A3-9474-1A3956D46DE8}") = "API", "API", "{3CD123B1-4629-434C-B6F7-1F26016ED050}"
EndProject
Project("{2150E333-8FDC-42A3-9474-1A3956D46DE8}") = "Core", "Core", "{5B5FC50E-A4C4-4A89-8E04-29464E05910A}"
EndProject
Project("{2150E333-8FDC-42A3-9474-1A3956D46DE8}") = "Infrastructure", "Infrastructure", "{B5204DA8-E51D-42BD-A48E-B3C54F3EF671}"
EndProject
Project("{2150E333-8FDC-42A3-9474-1A3956D46DE8}") = "UI", "UI", "{3292A56D-39DE-4E6F-B6D0-1CCE9D9CDF1B}"
EndProject
Project("{FAE04EC0-301F-11D3-BF4B-00C04F79EFBC}") = "TicketManagement.Domain", "TicketManagement.Domain\TicketManagement.Domain.csproj", "{0A46ED06-58A3-4E80-AAF2-CAD0B451EC84}"
EndProject
Global
	GlobalSection(SolutionConfigurationPlatforms) = preSolution
		Debug|Any CPU = Debug|Any CPU
		Release|Any CPU = Release|Any CPU
	EndGlobalSection
	GlobalSection(ProjectConfigurationPlatforms) = postSolution
		{0A46ED06-58A3-4E80-AAF2-CAD0B451EC84}.Debug|Any CPU.ActiveCfg = Debug|Any CPU
		{0A46ED06-58A3-4E80-AAF2-CAD0B451EC84}.Debug|Any CPU.Build.0 = Debug|Any CPU
		{0A46ED06-58A3-4E80-AAF2-CAD0B451EC84}.Release|Any CPU.ActiveCfg = Release|Any CPU
		{0A46ED06-58A3-4E80-AAF2-CAD0B451EC84}.Release|Any CPU.Build.0 = Release|Any CPU
	EndGlobalSection
	GlobalSection(SolutionProperties) = preSolution
		HideSolutionNode = FALSE
	EndGlobalSection
	GlobalSection(ExtensibilityGlobals) = postSolution
		SolutionGuid = {D28B89AE-58F8-4228-947F-F401629B1FB2}
	EndGlobalSection
	GlobalSection(NestedProjects) = preSolution
		{3CD123B1-4629-434C-B6F7-1F26016ED050} = {13FCCB9A-95F4-437E-AFE3-A68384E8A8DC}
		{5B5FC50E-A4C4-4A89-8E04-29464E05910A} = {13FCCB9A-95F4-437E-AFE3-A68384E8A8DC}
		{B5204DA8-E51D-42BD-A48E-B3C54F3EF671} = {13FCCB9A-95F4-437E-AFE3-A68384E8A8DC}
		{3292A56D-39DE-4E6F-B6D0-1CCE9D9CDF1B} = {13FCCB9A-95F4-437E-AFE3-A68384E8A8DC}
		{0A46ED06-58A3-4E80-AAF2-CAD0B451EC84} = {5B5FC50E-A4C4-4A89-8E04-29464E05910A}
	EndGlobalSection
EndGlobal
