
Microsoft Visual Studio Solution File, Format Version 12.00
# Visual Studio Version 16
VisualStudioVersion = 16.0.808.6
MinimumVisualStudioVersion = 10.0.40219.1
Project("{2150E333-8FDC-42A3-9474-1A3956D46DE8}") = "src", "src", "{A6AF4163-FCC1-41CC-846F-8EC9902BA82C}"
EndProject
Project("{2150E333-8FDC-42A3-9474-1A3956D46DE8}") = "Core", "Core", "{B1BA268F-7EC7-47BD-940A-1D17CFBB3441}"
EndProject
Project("{FAE04EC0-301F-11D3-BF4B-00C04F79EFBC}") = "TicketManagement.Domain", "src\Core\TicketManagement.Domain\TicketManagement.Domain.csproj", "{20A6EE05-A8C7-4528-A22D-3EBF67468B17}"
EndProject
Global
	GlobalSection(SolutionConfigurationPlatforms) = preSolution
		Debug|Any CPU = Debug|Any CPU
		Release|Any CPU = Release|Any CPU
	EndGlobalSection
	GlobalSection(ProjectConfigurationPlatforms) = postSolution
		{20A6EE05-A8C7-4528-A22D-3EBF67468B17}.Debug|Any CPU.ActiveCfg = Debug|Any CPU
		{20A6EE05-A8C7-4528-A22D-3EBF67468B17}.Debug|Any CPU.Build.0 = Debug|Any CPU
		{20A6EE05-A8C7-4528-A22D-3EBF67468B17}.Release|Any CPU.ActiveCfg = Release|Any CPU
		{20A6EE05-A8C7-4528-A22D-3EBF67468B17}.Release|Any CPU.Build.0 = Release|Any CPU
	EndGlobalSection
	GlobalSection(SolutionProperties) = preSolution
		HideSolutionNode = FALSE
	EndGlobalSection
	GlobalSection(ExtensibilityGlobals) = postSolution
		SolutionGuid = {C1FE3C85-1435-494D-8D8C-9F132B477E6D}
	EndGlobalSection
	GlobalSection(NestedProjects) = preSolution
		{B1BA268F-7EC7-47BD-940A-1D17CFBB3441} = {A6AF4163-FCC1-41CC-846F-8EC9902BA82C}
		{20A6EE05-A8C7-4528-A22D-3EBF67468B17} = {B1BA268F-7EC7-47BD-940A-1D17CFBB3441}
	EndGlobalSection
EndGlobal
